{
  "nodes": {
    "home-manager": {
      "inputs": {
        "nixpkgs": "nixpkgs"
      },
      "locked": {
        "lastModified": 1758119172,
        "narHash": "sha256-LnVuGLf0PJHqqIHroxEzwXS57mjAdHSrXi0iODKbbiU=",
        "owner": "nix-community",
        "repo": "home-manager",
        "rev": "9f408dc51c8e8216a94379e6356bdadbe8b4fef9",
        "type": "github"
      },
      "original": {
        "owner": "nix-community",
        "repo": "home-manager",
        "type": "github"
      }
    },
    "nixpkgs": {
      "locked": {
        "lastModified": 1757745802,
        "narHash": "sha256-hLEO2TPj55KcUFUU1vgtHE9UEIOjRcH/4QbmfHNF820=",
        "owner": "NixOS",
        "repo": "nixpkgs",
        "rev": "c23193b943c6c689d70ee98ce3128239ed9e32d1",
        "type": "github"
      },
      "original": {
        "owner": "NixOS",
        "ref": "nixos-unstable",
        "repo": "nixpkgs",
        "type": "github"
      }
    },
    "nixpkgs_2": {
      "locked": {
        "lastModified": 1757745802,
        "narHash": "sha256-hLEO2TPj55KcUFUU1vgtHE9UEIOjRcH/4QbmfHNF820=",
        "owner": "NixOS",
        "repo": "nixpkgs",
        "rev": "c23193b943c6c689d70ee98ce3128239ed9e32d1",
        "type": "github"
      },
      "original": {
        "owner": "NixOS",
        "ref": "nixos-unstable",
        "repo": "nixpkgs",
        "type": "github"
      }
    },
    "root": {
      "inputs": {
        "home-manager": "home-manager",
        "nixpkgs": "nixpkgs_2",
        "simple-zsh-nix-shell": "simple-zsh-nix-shell",
        "zsh-async": "zsh-async"
      }
    },
    "simple-zsh-nix-shell": {
      "flake": false,
      "locked": {
        "lastModified": 1744587450,
        "narHash": "sha256-OGwTOoGPCAWyBj0vJy2Y8b7aF+bXAFsu58dbiCfY+8c=",
        "owner": "goolord",
        "repo": "simple-zsh-nix-shell",
        "rev": "07d845d25fac99620b061e96dbff0124e97d2d1d",
        "type": "github"
      },
      "original": {
        "owner": "goolord",
        "repo": "simple-zsh-nix-shell",
        "type": "github"
      }
    },
    "zsh-async": {
      "flake": false,
      "locked": {
        "lastModified": 1672955751,
        "narHash": "sha256-mkTmgSnfoZlTaOPhw0Y0yG1BkZv+oTo/eEisZZTN5nM=",
        "owner": "mafredri",
        "repo": "zsh-async",
        "rev": "ee1d11b68c38dec24c22b1c51a45e8a815a79756",
        "type": "github"
      },
      "original": {
        "owner": "mafredri",
        "repo": "zsh-async",
        "type": "github"
      }
    }
  },
  "root": "root",
  "version": 7
}
