{
  "nodes": {
    "home-manager": {
      "inputs": {
        "nixpkgs": "nixpkgs"
      },
      "locked": {
        "lastModified": 1720045378,
        "narHash": "sha256-lmE7B+QXw7lWdBu5GQlUABSpzPk3YBb9VbV+IYK5djk=",
        "owner": "nix-community",
        "repo": "home-manager",
        "rev": "0a30138c694ab3b048ac300794c2eb599dc40266",
        "type": "github"
      },
      "original": {
        "owner": "nix-community",
        "repo": "home-manager",
        "type": "github"
      }
    },
    "nixpkgs": {
      "locked": {
        "lastModified": 1719848872,
        "narHash": "sha256-H3+EC5cYuq+gQW8y0lSrrDZfH71LB4DAf+TDFyvwCNA=",
        "owner": "NixOS",
        "repo": "nixpkgs",
        "rev": "00d80d13810dbfea8ab4ed1009b09100cca86ba8",
        "type": "github"
      },
      "original": {
        "owner": "NixOS",
        "ref": "nixos-unstable",
        "repo": "nixpkgs",
        "type": "github"
      }
    },
    "nixpkgs_2": {
      "locked": {
        "lastModified": 1719848872,
        "narHash": "sha256-H3+EC5cYuq+gQW8y0lSrrDZfH71LB4DAf+TDFyvwCNA=",
        "owner": "NixOS",
        "repo": "nixpkgs",
        "rev": "00d80d13810dbfea8ab4ed1009b09100cca86ba8",
        "type": "github"
      },
      "original": {
        "owner": "NixOS",
        "ref": "nixos-unstable",
        "repo": "nixpkgs",
        "type": "github"
      }
    },
    "root": {
      "inputs": {
        "home-manager": "home-manager",
        "nixpkgs": "nixpkgs_2",
        "simple-zsh-nix-shell": "simple-zsh-nix-shell",
        "zsh-async": "zsh-async",
        "zsh-fzf-tab": "zsh-fzf-tab",
        "zsh-pure": "zsh-pure"
      }
    },
    "simple-zsh-nix-shell": {
      "flake": false,
      "locked": {
        "lastModified": 1677286525,
        "narHash": "sha256-47YJCxkCH5jiJfKRSgwbZLEX/ALgHXj8P/9sPqW6GsM=",
        "owner": "goolord",
        "repo": "simple-zsh-nix-shell",
        "rev": "fec15c689de13de13fc308bcb62d735657852797",
        "type": "github"
      },
      "original": {
        "owner": "goolord",
        "repo": "simple-zsh-nix-shell",
        "type": "github"
      }
    },
    "zsh-async": {
      "flake": false,
      "locked": {
        "lastModified": 1672955751,
        "narHash": "sha256-mkTmgSnfoZlTaOPhw0Y0yG1BkZv+oTo/eEisZZTN5nM=",
        "owner": "mafredri",
        "repo": "zsh-async",
        "rev": "ee1d11b68c38dec24c22b1c51a45e8a815a79756",
        "type": "github"
      },
      "original": {
        "owner": "mafredri",
        "repo": "zsh-async",
        "type": "github"
      }
    },
    "zsh-fzf-tab": {
      "flake": false,
      "locked": {
        "lastModified": 1718171563,
        "narHash": "sha256-o8hgnTl84nI7jMVfA5jEcDXkMFFlnxKbRva+l/Fx4jI=",
        "owner": "Aloxaf",
        "repo": "fzf-tab",
        "rev": "14e16f0d36ae9938e28b2f6efdb7344cd527a1a6",
        "type": "github"
      },
      "original": {
        "owner": "Aloxaf",
        "repo": "fzf-tab",
        "type": "github"
      }
    },
    "zsh-pure": {
      "flake": false,
      "locked": {
        "lastModified": 1714417298,
        "narHash": "sha256-Hdb5wGVkNrmmVWZaKf3xUnNYsTX/8Bb7AhgLNJxNAUc=",
        "owner": "sindresorhus",
        "repo": "pure",
        "rev": "da1a722238febb9a4b97c77628fae753d1817490",
        "type": "github"
      },
      "original": {
        "owner": "sindresorhus",
        "repo": "pure",
        "type": "github"
      }
    }
  },
  "root": "root",
  "version": 7
}
